{
  "name": "polydrive.io",
  "version": "1.0.0",
  "lockfileVersion": 1,
  "requires": true,
  "dependencies": {
    "detect-collisions": {
      "version": "2.3.2",
      "resolved": "https://registry.npmjs.org/detect-collisions/-/detect-collisions-2.3.2.tgz",
      "integrity": "sha512-Ac7vLG087ZXq4vLoEZXAib8kiiwusKE/H9KbZlA3Av44FxcraQBqn+79XiVCcfXzkJp1icyYctQ9LJmrGLD1rQ=="
    }
  }
}
